// !$*UTF8*$!
{
	archiveVersion = 1;
	classes = {
	};
	objectVersion = 46;
	objects = {

/* Begin PBXBuildFile section */
		A1E4A59A1D8E40F500203E48 /* AppDelegate.swift in Sources */ = {isa = PBXBuildFile; fileRef = A1E4A5991D8E40F500203E48 /* AppDelegate.swift */; };
		A1E4A59C1D8E40F500203E48 /* ViewController.swift in Sources */ = {isa = PBXBuildFile; fileRef = A1E4A59B1D8E40F500203E48 /* ViewController.swift */; };
		A1E4A59F1D8E40F500203E48 /* Main.storyboard in Resources */ = {isa = PBXBuildFile; fileRef = A1E4A59D1D8E40F500203E48 /* Main.storyboard */; };
		A1E4A5A21D8E40F500203E48 /* MealCalories.xcdatamodeld in Sources */ = {isa = PBXBuildFile; fileRef = A1E4A5A01D8E40F500203E48 /* MealCalories.xcdatamodeld */; };
		A1E4A5A41D8E40F500203E48 /* Assets.xcassets in Resources */ = {isa = PBXBuildFile; fileRef = A1E4A5A31D8E40F500203E48 /* Assets.xcassets */; };
		A1E4A5A71D8E40F500203E48 /* LaunchScreen.storyboard in Resources */ = {isa = PBXBuildFile; fileRef = A1E4A5A51D8E40F500203E48 /* LaunchScreen.storyboard */; };
		A1E4A5B21D8E40F500203E48 /* MealCaloriesTests.swift in Sources */ = {isa = PBXBuildFile; fileRef = A1E4A5B11D8E40F500203E48 /* MealCaloriesTests.swift */; };
		A1E4A5BD1D8E40F500203E48 /* MealCaloriesUITests.swift in Sources */ = {isa = PBXBuildFile; fileRef = A1E4A5BC1D8E40F500203E48 /* MealCaloriesUITests.swift */; };
/* End PBXBuildFile section */

/* Begin PBXContainerItemProxy section */
		A1E4A5AE1D8E40F500203E48 /* PBXContainerItemProxy */ = {
			isa = PBXContainerItemProxy;
			containerPortal = A1E4A58E1D8E40F500203E48 /* Project object */;
			proxyType = 1;
			remoteGlobalIDString = A1E4A5951D8E40F500203E48;
			remoteInfo = MealCalories;
		};
		A1E4A5B91D8E40F500203E48 /* PBXContainerItemProxy */ = {
			isa = PBXContainerItemProxy;
			containerPortal = A1E4A58E1D8E40F500203E48 /* Project object */;
			proxyType = 1;
			remoteGlobalIDString = A1E4A5951D8E40F500203E48;
			remoteInfo = MealCalories;
		};
/* End PBXContainerItemProxy section */

/* Begin PBXFileReference section */
		A1E4A5961D8E40F500203E48 /* MealCalories.app */ = {isa = PBXFileReference; explicitFileType = wrapper.application; includeInIndex = 0; path = MealCalories.app; sourceTree = BUILT_PRODUCTS_DIR; };
		A1E4A5991D8E40F500203E48 /* AppDelegate.swift */ = {isa = PBXFileReference; lastKnownFileType = sourcecode.swift; path = AppDelegate.swift; sourceTree = "<group>"; };
		A1E4A59B1D8E40F500203E48 /* ViewController.swift */ = {isa = PBXFileReference; lastKnownFileType = sourcecode.swift; path = ViewController.swift; sourceTree = "<group>"; };
		A1E4A59E1D8E40F500203E48 /* Base */ = {isa = PBXFileReference; lastKnownFileType = file.storyboard; name = Base; path = Base.lproj/Main.storyboard; sourceTree = "<group>"; };
		A1E4A5A11D8E40F500203E48 /* MealCalories.xcdatamodel */ = {isa = PBXFileReference; lastKnownFileType = wrapper.xcdatamodel; path = MealCalories.xcdatamodel; sourceTree = "<group>"; };
		A1E4A5A31D8E40F500203E48 /* Assets.xcassets */ = {isa = PBXFileReference; lastKnownFileType = folder.assetcatalog; path = Assets.xcassets; sourceTree = "<group>"; };
		A1E4A5A61D8E40F500203E48 /* Base */ = {isa = PBXFileReference; lastKnownFileType = file.storyboard; name = Base; path = Base.lproj/LaunchScreen.storyboard; sourceTree = "<group>"; };
		A1E4A5A81D8E40F500203E48 /* Info.plist */ = {isa = PBXFileReference; lastKnownFileType = text.plist.xml; path = Info.plist; sourceTree = "<group>"; };
		A1E4A5AD1D8E40F500203E48 /* MealCaloriesTests.xctest */ = {isa = PBXFileReference; explicitFileType = wrapper.cfbundle; includeInIndex = 0; path = MealCaloriesTests.xctest; sourceTree = BUILT_PRODUCTS_DIR; };
		A1E4A5B11D8E40F500203E48 /* MealCaloriesTests.swift */ = {isa = PBXFileReference; lastKnownFileType = sourcecode.swift; path = MealCaloriesTests.swift; sourceTree = "<group>"; };
		A1E4A5B31D8E40F500203E48 /* Info.plist */ = {isa = PBXFileReference; lastKnownFileType = text.plist.xml; path = Info.plist; sourceTree = "<group>"; };
		A1E4A5B81D8E40F500203E48 /* MealCaloriesUITests.xctest */ = {isa = PBXFileReference; explicitFileType = wrapper.cfbundle; includeInIndex = 0; path = MealCaloriesUITests.xctest; sourceTree = BUILT_PRODUCTS_DIR; };
		A1E4A5BC1D8E40F500203E48 /* MealCaloriesUITests.swift */ = {isa = PBXFileReference; lastKnownFileType = sourcecode.swift; path = MealCaloriesUITests.swift; sourceTree = "<group>"; };
		A1E4A5BE1D8E40F500203E48 /* Info.plist */ = {isa = PBXFileReference; lastKnownFileType = text.plist.xml; path = Info.plist; sourceTree = "<group>"; };
/* End PBXFileReference section */

/* Begin PBXFrameworksBuildPhase section */
		A1E4A5931D8E40F500203E48 /* Frameworks */ = {
			isa = PBXFrameworksBuildPhase;
			buildActionMask = 2147483647;
			files = (
			);
			runOnlyForDeploymentPostprocessing = 0;
		};
		A1E4A5AA1D8E40F500203E48 /* Frameworks */ = {
			isa = PBXFrameworksBuildPhase;
			buildActionMask = 2147483647;
			files = (
			);
			runOnlyForDeploymentPostprocessing = 0;
		};
		A1E4A5B51D8E40F500203E48 /* Frameworks */ = {
			isa = PBXFrameworksBuildPhase;
			buildActionMask = 2147483647;
			files = (
			);
			runOnlyForDeploymentPostprocessing = 0;
		};
/* End PBXFrameworksBuildPhase section */

/* Begin PBXGroup section */
		A1E4A58D1D8E40F500203E48 = {
			isa = PBXGroup;
			children = (
				A1E4A5981D8E40F500203E48 /* MealCalories */,
				A1E4A5B01D8E40F500203E48 /* MealCaloriesTests */,
				A1E4A5BB1D8E40F500203E48 /* MealCaloriesUITests */,
				A1E4A5971D8E40F500203E48 /* Products */,
			);
			sourceTree = "<group>";
		};
		A1E4A5971D8E40F500203E48 /* Products */ = {
			isa = PBXGroup;
			children = (
				A1E4A5961D8E40F500203E48 /* MealCalories.app */,
				A1E4A5AD1D8E40F500203E48 /* MealCaloriesTests.xctest */,
				A1E4A5B81D8E40F500203E48 /* MealCaloriesUITests.xctest */,
			);
			name = Products;
			sourceTree = "<group>";
		};
		A1E4A5981D8E40F500203E48 /* MealCalories */ = {
			isa = PBXGroup;
			children = (
				A1E4A5991D8E40F500203E48 /* AppDelegate.swift */,
				A1E4A59B1D8E40F500203E48 /* ViewController.swift */,
				A1E4A59D1D8E40F500203E48 /* Main.storyboard */,
				A1E4A5A31D8E40F500203E48 /* Assets.xcassets */,
				A1E4A5A51D8E40F500203E48 /* LaunchScreen.storyboard */,
				A1E4A5A81D8E40F500203E48 /* Info.plist */,
				A1E4A5A01D8E40F500203E48 /* MealCalories.xcdatamodeld */,
			);
			path = MealCalories;
			sourceTree = "<group>";
		};
		A1E4A5B01D8E40F500203E48 /* MealCaloriesTests */ = {
			isa = PBXGroup;
			children = (
				A1E4A5B11D8E40F500203E48 /* MealCaloriesTests.swift */,
				A1E4A5B31D8E40F500203E48 /* Info.plist */,
			);
			path = MealCaloriesTests;
			sourceTree = "<group>";
		};
		A1E4A5BB1D8E40F500203E48 /* MealCaloriesUITests */ = {
			isa = PBXGroup;
			children = (
				A1E4A5BC1D8E40F500203E48 /* MealCaloriesUITests.swift */,
				A1E4A5BE1D8E40F500203E48 /* Info.plist */,
			);
			path = MealCaloriesUITests;
			sourceTree = "<group>";
		};
/* End PBXGroup section */

/* Begin PBXNativeTarget section */
		A1E4A5951D8E40F500203E48 /* MealCalories */ = {
			isa = PBXNativeTarget;
			buildConfigurationList = A1E4A5C11D8E40F500203E48 /* Build configuration list for PBXNativeTarget "MealCalories" */;
			buildPhases = (
				A1E4A5921D8E40F500203E48 /* Sources */,
				A1E4A5931D8E40F500203E48 /* Frameworks */,
				A1E4A5941D8E40F500203E48 /* Resources */,
			);
			buildRules = (
			);
			dependencies = (
			);
			name = MealCalories;
			productName = MealCalories;
			productReference = A1E4A5961D8E40F500203E48 /* MealCalories.app */;
			productType = "com.apple.product-type.application";
		};
		A1E4A5AC1D8E40F500203E48 /* MealCaloriesTests */ = {
			isa = PBXNativeTarget;
			buildConfigurationList = A1E4A5C41D8E40F500203E48 /* Build configuration list for PBXNativeTarget "MealCaloriesTests" */;
			buildPhases = (
				A1E4A5A91D8E40F500203E48 /* Sources */,
				A1E4A5AA1D8E40F500203E48 /* Frameworks */,
				A1E4A5AB1D8E40F500203E48 /* Resources */,
			);
			buildRules = (
			);
			dependencies = (
				A1E4A5AF1D8E40F500203E48 /* PBXTargetDependency */,
			);
			name = MealCaloriesTests;
			productName = MealCaloriesTests;
			productReference = A1E4A5AD1D8E40F500203E48 /* MealCaloriesTests.xctest */;
			productType = "com.apple.product-type.bundle.unit-test";
		};
		A1E4A5B71D8E40F500203E48 /* MealCaloriesUITests */ = {
			isa = PBXNativeTarget;
			buildConfigurationList = A1E4A5C71D8E40F500203E48 /* Build configuration list for PBXNativeTarget "MealCaloriesUITests" */;
			buildPhases = (
				A1E4A5B41D8E40F500203E48 /* Sources */,
				A1E4A5B51D8E40F500203E48 /* Frameworks */,
				A1E4A5B61D8E40F500203E48 /* Resources */,
			);
			buildRules = (
			);
			dependencies = (
				A1E4A5BA1D8E40F500203E48 /* PBXTargetDependency */,
			);
			name = MealCaloriesUITests;
			productName = MealCaloriesUITests;
			productReference = A1E4A5B81D8E40F500203E48 /* MealCaloriesUITests.xctest */;
			productType = "com.apple.product-type.bundle.ui-testing";
		};
/* End PBXNativeTarget section */

/* Begin PBXProject section */
		A1E4A58E1D8E40F500203E48 /* Project object */ = {
			isa = PBXProject;
			attributes = {
				LastSwiftUpdateCheck = 0800;
				LastUpgradeCheck = 0800;
				ORGANIZATIONNAME = "Gordon Technologies";
				TargetAttributes = {
					A1E4A5951D8E40F500203E48 = {
						CreatedOnToolsVersion = 8.0;
						ProvisioningStyle = Automatic;
					};
					A1E4A5AC1D8E40F500203E48 = {
						CreatedOnToolsVersion = 8.0;
						ProvisioningStyle = Automatic;
						TestTargetID = A1E4A5951D8E40F500203E48;
					};
					A1E4A5B71D8E40F500203E48 = {
						CreatedOnToolsVersion = 8.0;
						ProvisioningStyle = Automatic;
						TestTargetID = A1E4A5951D8E40F500203E48;
					};
				};
			};
			buildConfigurationList = A1E4A5911D8E40F500203E48 /* Build configuration list for PBXProject "MealCalories" */;
			compatibilityVersion = "Xcode 3.2";
			developmentRegion = English;
			hasScannedForEncodings = 0;
			knownRegions = (
				en,
				Base,
			);
			mainGroup = A1E4A58D1D8E40F500203E48;
			productRefGroup = A1E4A5971D8E40F500203E48 /* Products */;
			projectDirPath = "";
			projectRoot = "";
			targets = (
				A1E4A5951D8E40F500203E48 /* MealCalories */,
				A1E4A5AC1D8E40F500203E48 /* MealCaloriesTests */,
				A1E4A5B71D8E40F500203E48 /* MealCaloriesUITests */,
			);
		};
/* End PBXProject section */

/* Begin PBXResourcesBuildPhase section */
		A1E4A5941D8E40F500203E48 /* Resources */ = {
			isa = PBXResourcesBuildPhase;
			buildActionMask = 2147483647;
			files = (
				A1E4A5A71D8E40F500203E48 /* LaunchScreen.storyboard in Resources */,
				A1E4A5A41D8E40F500203E48 /* Assets.xcassets in Resources */,
				A1E4A59F1D8E40F500203E48 /* Main.storyboard in Resources */,
			);
			runOnlyForDeploymentPostprocessing = 0;
		};
		A1E4A5AB1D8E40F500203E48 /* Resources */ = {
			isa = PBXResourcesBuildPhase;
			buildActionMask = 2147483647;
			files = (
			);
			runOnlyForDeploymentPostprocessing = 0;
		};
		A1E4A5B61D8E40F500203E48 /* Resources */ = {
			isa = PBXResourcesBuildPhase;
			buildActionMask = 2147483647;
			files = (
			);
			runOnlyForDeploymentPostprocessing = 0;
		};
/* End PBXResourcesBuildPhase section */

/* Begin PBXSourcesBuildPhase section */
		A1E4A5921D8E40F500203E48 /* Sources */ = {
			isa = PBXSourcesBuildPhase;
			buildActionMask = 2147483647;
			files = (
				A1E4A59C1D8E40F500203E48 /* ViewController.swift in Sources */,
				A1E4A5A21D8E40F500203E48 /* MealCalories.xcdatamodeld in Sources */,
				A1E4A59A1D8E40F500203E48 /* AppDelegate.swift in Sources */,
			);
			runOnlyForDeploymentPostprocessing = 0;
		};
		A1E4A5A91D8E40F500203E48 /* Sources */ = {
			isa = PBXSourcesBuildPhase;
			buildActionMask = 2147483647;
			files = (
				A1E4A5B21D8E40F500203E48 /* MealCaloriesTests.swift in Sources */,
			);
			runOnlyForDeploymentPostprocessing = 0;
		};
		A1E4A5B41D8E40F500203E48 /* Sources */ = {
			isa = PBXSourcesBuildPhase;
			buildActionMask = 2147483647;
			files = (
				A1E4A5BD1D8E40F500203E48 /* MealCaloriesUITests.swift in Sources */,
			);
			runOnlyForDeploymentPostprocessing = 0;
		};
/* End PBXSourcesBuildPhase section */

/* Begin PBXTargetDependency section */
		A1E4A5AF1D8E40F500203E48 /* PBXTargetDependency */ = {
			isa = PBXTargetDependency;
			target = A1E4A5951D8E40F500203E48 /* MealCalories */;
			targetProxy = A1E4A5AE1D8E40F500203E48 /* PBXContainerItemProxy */;
		};
		A1E4A5BA1D8E40F500203E48 /* PBXTargetDependency */ = {
			isa = PBXTargetDependency;
			target = A1E4A5951D8E40F500203E48 /* MealCalories */;
			targetProxy = A1E4A5B91D8E40F500203E48 /* PBXContainerItemProxy */;
		};
/* End PBXTargetDependency section */

/* Begin PBXVariantGroup section */
		A1E4A59D1D8E40F500203E48 /* Main.storyboard */ = {
			isa = PBXVariantGroup;
			children = (
				A1E4A59E1D8E40F500203E48 /* Base */,
			);
			name = Main.storyboard;
			sourceTree = "<group>";
		};
		A1E4A5A51D8E40F500203E48 /* LaunchScreen.storyboard */ = {
			isa = PBXVariantGroup;
			children = (
				A1E4A5A61D8E40F500203E48 /* Base */,
			);
			name = LaunchScreen.storyboard;
			sourceTree = "<group>";
		};
/* End PBXVariantGroup section */

/* Begin XCBuildConfiguration section */
		A1E4A5BF1D8E40F500203E48 /* Debug */ = {
			isa = XCBuildConfiguration;
			buildSettings = {
				ALWAYS_SEARCH_USER_PATHS = NO;
				CLANG_ANALYZER_NONNULL = YES;
				CLANG_CXX_LANGUAGE_STANDARD = "gnu++0x";
				CLANG_CXX_LIBRARY = "libc++";
				CLANG_ENABLE_MODULES = YES;
				CLANG_ENABLE_OBJC_ARC = YES;
				CLANG_WARN_BOOL_CONVERSION = YES;
				CLANG_WARN_CONSTANT_CONVERSION = YES;
				CLANG_WARN_DIRECT_OBJC_ISA_USAGE = YES_ERROR;
				CLANG_WARN_DOCUMENTATION_COMMENTS = YES;
				CLANG_WARN_EMPTY_BODY = YES;
				CLANG_WARN_ENUM_CONVERSION = YES;
				CLANG_WARN_INFINITE_RECURSION = YES;
				CLANG_WARN_INT_CONVERSION = YES;
				CLANG_WARN_OBJC_ROOT_CLASS = YES_ERROR;
				CLANG_WARN_SUSPICIOUS_MOVES = YES;
				CLANG_WARN_UNREACHABLE_CODE = YES;
				CLANG_WARN__DUPLICATE_METHOD_MATCH = YES;
				"CODE_SIGN_IDENTITY[sdk=iphoneos*]" = "iPhone Developer";
				COPY_PHASE_STRIP = NO;
				DEBUG_INFORMATION_FORMAT = dwarf;
				ENABLE_STRICT_OBJC_MSGSEND = YES;
				ENABLE_TESTABILITY = YES;
				GCC_C_LANGUAGE_STANDARD = gnu99;
				GCC_DYNAMIC_NO_PIC = NO;
				GCC_NO_COMMON_BLOCKS = YES;
				GCC_OPTIMIZATION_LEVEL = 0;
				GCC_PREPROCESSOR_DEFINITIONS = (
					"DEBUG=1",
					"$(inherited)",
				);
				GCC_WARN_64_TO_32_BIT_CONVERSION = YES;
				GCC_WARN_ABOUT_RETURN_TYPE = YES_ERROR;
				GCC_WARN_UNDECLARED_SELECTOR = YES;
				GCC_WARN_UNINITIALIZED_AUTOS = YES_AGGRESSIVE;
				GCC_WARN_UNUSED_FUNCTION = YES;
				GCC_WARN_UNUSED_VARIABLE = YES;
				IPHONEOS_DEPLOYMENT_TARGET = 10.0;
				MTL_ENABLE_DEBUG_INFO = YES;
				ONLY_ACTIVE_ARCH = YES;
				SDKROOT = iphoneos;
				SWIFT_ACTIVE_COMPILATION_CONDITIONS = DEBUG;
				SWIFT_OPTIMIZATION_LEVEL = "-Onone";
				TARGETED_DEVICE_FAMILY = "1,2";
			};
			name = Debug;
		};
		A1E4A5C01D8E40F500203E48 /* Release */ = {
			isa = XCBuildConfiguration;
			buildSettings = {
				ALWAYS_SEARCH_USER_PATHS = NO;
				CLANG_ANALYZER_NONNULL = YES;
				CLANG_CXX_LANGUAGE_STANDARD = "gnu++0x";
				CLANG_CXX_LIBRARY = "libc++";
				CLANG_ENABLE_MODULES = YES;
				CLANG_ENABLE_OBJC_ARC = YES;
				CLANG_WARN_BOOL_CONVERSION = YES;
				CLANG_WARN_CONSTANT_CONVERSION = YES;
				CLANG_WARN_DIRECT_OBJC_ISA_USAGE = YES_ERROR;
				CLANG_WARN_DOCUMENTATION_COMMENTS = YES;
				CLANG_WARN_EMPTY_BODY = YES;
				CLANG_WARN_ENUM_CONVERSION = YES;
				CLANG_WARN_INFINITE_RECURSION = YES;
				CLANG_WARN_INT_CONVERSION = YES;
				CLANG_WARN_OBJC_ROOT_CLASS = YES_ERROR;
				CLANG_WARN_SUSPICIOUS_MOVES = YES;
				CLANG_WARN_UNREACHABLE_CODE = YES;
				CLANG_WARN__DUPLICATE_METHOD_MATCH = YES;
				"CODE_SIGN_IDENTITY[sdk=iphoneos*]" = "iPhone Developer";
				COPY_PHASE_STRIP = NO;
				DEBUG_INFORMATION_FORMAT = "dwarf-with-dsym";
				ENABLE_NS_ASSERTIONS = NO;
				ENABLE_STRICT_OBJC_MSGSEND = YES;
				GCC_C_LANGUAGE_STANDARD = gnu99;
				GCC_NO_COMMON_BLOCKS = YES;
				GCC_WARN_64_TO_32_BIT_CONVERSION = YES;
				GCC_WARN_ABOUT_RETURN_TYPE = YES_ERROR;
				GCC_WARN_UNDECLARED_SELECTOR = YES;
				GCC_WARN_UNINITIALIZED_AUTOS = YES_AGGRESSIVE;
				GCC_WARN_UNUSED_FUNCTION = YES;
				GCC_WARN_UNUSED_VARIABLE = YES;
				IPHONEOS_DEPLOYMENT_TARGET = 10.0;
				MTL_ENABLE_DEBUG_INFO = NO;
				SDKROOT = iphoneos;
				SWIFT_OPTIMIZATION_LEVEL = "-Owholemodule";
				TARGETED_DEVICE_FAMILY = "1,2";
				VALIDATE_PRODUCT = YES;
			};
			name = Release;
		};
		A1E4A5C21D8E40F500203E48 /* Debug */ = {
			isa = XCBuildConfiguration;
			buildSettings = {
				ASSETCATALOG_COMPILER_APPICON_NAME = AppIcon;
				INFOPLIST_FILE = MealCalories/Info.plist;
				LD_RUNPATH_SEARCH_PATHS = "$(inherited) @executable_path/Frameworks";
				PRODUCT_BUNDLE_IDENTIFIER = com.GordonTechnologies.MealCalories;
				PRODUCT_NAME = "$(TARGET_NAME)";
				SWIFT_VERSION = 3.0;
			};
			name = Debug;
		};
		A1E4A5C31D8E40F500203E48 /* Release */ = {
			isa = XCBuildConfiguration;
			buildSettings = {
				ASSETCATALOG_COMPILER_APPICON_NAME = AppIcon;
				INFOPLIST_FILE = MealCalories/Info.plist;
				LD_RUNPATH_SEARCH_PATHS = "$(inherited) @executable_path/Frameworks";
				PRODUCT_BUNDLE_IDENTIFIER = com.GordonTechnologies.MealCalories;
				PRODUCT_NAME = "$(TARGET_NAME)";
				SWIFT_VERSION = 3.0;
			};
			name = Release;
		};
		A1E4A5C51D8E40F500203E48 /* Debug */ = {
			isa = XCBuildConfiguration;
			buildSettings = {
				ALWAYS_EMBED_SWIFT_STANDARD_LIBRARIES = YES;
				BUNDLE_LOADER = "$(TEST_HOST)";
				INFOPLIST_FILE = MealCaloriesTests/Info.plist;
				LD_RUNPATH_SEARCH_PATHS = "$(inherited) @executable_path/Frameworks @loader_path/Frameworks";
				PRODUCT_BUNDLE_IDENTIFIER = com.GordonTechnologies.MealCaloriesTests;
				PRODUCT_NAME = "$(TARGET_NAME)";
				SWIFT_VERSION = 3.0;
				TEST_HOST = "$(BUILT_PRODUCTS_DIR)/MealCalories.app/MealCalories";
			};
			name = Debug;
		};
		A1E4A5C61D8E40F500203E48 /* Release */ = {
			isa = XCBuildConfiguration;
			buildSettings = {
				ALWAYS_EMBED_SWIFT_STANDARD_LIBRARIES = YES;
				BUNDLE_LOADER = "$(TEST_HOST)";
				INFOPLIST_FILE = MealCaloriesTests/Info.plist;
				LD_RUNPATH_SEARCH_PATHS = "$(inherited) @executable_path/Frameworks @loader_path/Frameworks";
				PRODUCT_BUNDLE_IDENTIFIER = com.GordonTechnologies.MealCaloriesTests;
				PRODUCT_NAME = "$(TARGET_NAME)";
				SWIFT_VERSION = 3.0;
				TEST_HOST = "$(BUILT_PRODUCTS_DIR)/MealCalories.app/MealCalories";
			};
			name = Release;
		};
		A1E4A5C81D8E40F500203E48 /* Debug */ = {
			isa = XCBuildConfiguration;
			buildSettings = {
				ALWAYS_EMBED_SWIFT_STANDARD_LIBRARIES = YES;
				INFOPLIST_FILE = MealCaloriesUITests/Info.plist;
				LD_RUNPATH_SEARCH_PATHS = "$(inherited) @executable_path/Frameworks @loader_path/Frameworks";
				PRODUCT_BUNDLE_IDENTIFIER = com.GordonTechnologies.MealCaloriesUITests;
				PRODUCT_NAME = "$(TARGET_NAME)";
				SWIFT_VERSION = 3.0;
				TEST_TARGET_NAME = MealCalories;
			};
			name = Debug;
		};
		A1E4A5C91D8E40F500203E48 /* Release */ = {
			isa = XCBuildConfiguration;
			buildSettings = {
				ALWAYS_EMBED_SWIFT_STANDARD_LIBRARIES = YES;
				INFOPLIST_FILE = MealCaloriesUITests/Info.plist;
				LD_RUNPATH_SEARCH_PATHS = "$(inherited) @executable_path/Frameworks @loader_path/Frameworks";
				PRODUCT_BUNDLE_IDENTIFIER = com.GordonTechnologies.MealCaloriesUITests;
				PRODUCT_NAME = "$(TARGET_NAME)";
				SWIFT_VERSION = 3.0;
				TEST_TARGET_NAME = MealCalories;
			};
			name = Release;
		};
/* End XCBuildConfiguration section */

/* Begin XCConfigurationList section */
		A1E4A5911D8E40F500203E48 /* Build configuration list for PBXProject "MealCalories" */ = {
			isa = XCConfigurationList;
			buildConfigurations = (
				A1E4A5BF1D8E40F500203E48 /* Debug */,
				A1E4A5C01D8E40F500203E48 /* Release */,
			);
			defaultConfigurationIsVisible = 0;
			defaultConfigurationName = Release;
		};
		A1E4A5C11D8E40F500203E48 /* Build configuration list for PBXNativeTarget "MealCalories" */ = {
			isa = XCConfigurationList;
			buildConfigurations = (
				A1E4A5C21D8E40F500203E48 /* Debug */,
				A1E4A5C31D8E40F500203E48 /* Release */,
			);
			defaultConfigurationIsVisible = 0;
		};
		A1E4A5C41D8E40F500203E48 /* Build configuration list for PBXNativeTarget "MealCaloriesTests" */ = {
			isa = XCConfigurationList;
			buildConfigurations = (
				A1E4A5C51D8E40F500203E48 /* Debug */,
				A1E4A5C61D8E40F500203E48 /* Release */,
			);
			defaultConfigurationIsVisible = 0;
		};
		A1E4A5C71D8E40F500203E48 /* Build configuration list for PBXNativeTarget "MealCaloriesUITests" */ = {
			isa = XCConfigurationList;
			buildConfigurations = (
				A1E4A5C81D8E40F500203E48 /* Debug */,
				A1E4A5C91D8E40F500203E48 /* Release */,
			);
			defaultConfigurationIsVisible = 0;
		};
/* End XCConfigurationList section */

/* Begin XCVersionGroup section */
		A1E4A5A01D8E40F500203E48 /* MealCalories.xcdatamodeld */ = {
			isa = XCVersionGroup;
			children = (
				A1E4A5A11D8E40F500203E48 /* MealCalories.xcdatamodel */,
			);
			currentVersion = A1E4A5A11D8E40F500203E48 /* MealCalories.xcdatamodel */;
			path = MealCalories.xcdatamodeld;
			sourceTree = "<group>";
			versionGroupType = wrapper.xcdatamodel;
		};
/* End XCVersionGroup section */
	};
	rootObject = A1E4A58E1D8E40F500203E48 /* Project object */;
}
